// !$*UTF8*$!
{
	archiveVersion = 1;
	classes = {
	};
	objectVersion = 50;
	objects = {

/* Begin PBXBuildFile section */
		430E71B221E510D900CFD9BD /* AppDelegate.swift in Sources */ = {isa = PBXBuildFile; fileRef = 430E71B121E510D900CFD9BD /* AppDelegate.swift */; };
		430E71B421E510D900CFD9BD /* LoginViewController.swift in Sources */ = {isa = PBXBuildFile; fileRef = 430E71B321E510D900CFD9BD /* LoginViewController.swift */; };
		430E71B721E510D900CFD9BD /* Main.storyboard in Resources */ = {isa = PBXBuildFile; fileRef = 430E71B521E510D900CFD9BD /* Main.storyboard */; };
		430E71B921E510DB00CFD9BD /* Assets.xcassets in Resources */ = {isa = PBXBuildFile; fileRef = 430E71B821E510DB00CFD9BD /* Assets.xcassets */; };
		430E71BC21E510DB00CFD9BD /* LaunchScreen.storyboard in Resources */ = {isa = PBXBuildFile; fileRef = 430E71BA21E510DB00CFD9BD /* LaunchScreen.storyboard */; };
		430E71C521E5194000CFD9BD /* SignupViewController.swift in Sources */ = {isa = PBXBuildFile; fileRef = 430E71C421E5194000CFD9BD /* SignupViewController.swift */; };
		430E71C721E5195A00CFD9BD /* MapViewController.swift in Sources */ = {isa = PBXBuildFile; fileRef = 430E71C621E5195A00CFD9BD /* MapViewController.swift */; };
		430E71C921E7A7C500CFD9BD /* ProfileViewController.swift in Sources */ = {isa = PBXBuildFile; fileRef = 430E71C821E7A7C500CFD9BD /* ProfileViewController.swift */; };
		430E71CB21E7A7DE00CFD9BD /* EditProfileViewController.swift in Sources */ = {isa = PBXBuildFile; fileRef = 430E71CA21E7A7DE00CFD9BD /* EditProfileViewController.swift */; };
/* End PBXBuildFile section */

/* Begin PBXFileReference section */
		430E71AE21E510D900CFD9BD /* Blacktop.app */ = {isa = PBXFileReference; explicitFileType = wrapper.application; includeInIndex = 0; path = Blacktop.app; sourceTree = BUILT_PRODUCTS_DIR; };
		430E71B121E510D900CFD9BD /* AppDelegate.swift */ = {isa = PBXFileReference; lastKnownFileType = sourcecode.swift; path = AppDelegate.swift; sourceTree = "<group>"; };
		430E71B321E510D900CFD9BD /* LoginViewController.swift */ = {isa = PBXFileReference; lastKnownFileType = sourcecode.swift; path = LoginViewController.swift; sourceTree = "<group>"; };
		430E71B621E510D900CFD9BD /* Base */ = {isa = PBXFileReference; lastKnownFileType = file.storyboard; name = Base; path = Base.lproj/Main.storyboard; sourceTree = "<group>"; };
		430E71B821E510DB00CFD9BD /* Assets.xcassets */ = {isa = PBXFileReference; lastKnownFileType = folder.assetcatalog; path = Assets.xcassets; sourceTree = "<group>"; };
		430E71BB21E510DB00CFD9BD /* Base */ = {isa = PBXFileReference; lastKnownFileType = file.storyboard; name = Base; path = Base.lproj/LaunchScreen.storyboard; sourceTree = "<group>"; };
		430E71BD21E510DB00CFD9BD /* Info.plist */ = {isa = PBXFileReference; lastKnownFileType = text.plist.xml; path = Info.plist; sourceTree = "<group>"; };
		430E71C421E5194000CFD9BD /* SignupViewController.swift */ = {isa = PBXFileReference; lastKnownFileType = sourcecode.swift; path = SignupViewController.swift; sourceTree = "<group>"; };
		430E71C621E5195A00CFD9BD /* MapViewController.swift */ = {isa = PBXFileReference; lastKnownFileType = sourcecode.swift; path = MapViewController.swift; sourceTree = "<group>"; };
		430E71C821E7A7C500CFD9BD /* ProfileViewController.swift */ = {isa = PBXFileReference; lastKnownFileType = sourcecode.swift; path = ProfileViewController.swift; sourceTree = "<group>"; };
		430E71CA21E7A7DE00CFD9BD /* EditProfileViewController.swift */ = {isa = PBXFileReference; lastKnownFileType = sourcecode.swift; path = EditProfileViewController.swift; sourceTree = "<group>"; };
/* End PBXFileReference section */

/* Begin PBXFrameworksBuildPhase section */
		430E71AB21E510D900CFD9BD /* Frameworks */ = {
			isa = PBXFrameworksBuildPhase;
			buildActionMask = 2147483647;
			files = (
			);
			runOnlyForDeploymentPostprocessing = 0;
		};
/* End PBXFrameworksBuildPhase section */

/* Begin PBXGroup section */
		430E71A521E510D900CFD9BD = {
			isa = PBXGroup;
			children = (
				430E71B021E510D900CFD9BD /* Blacktop */,
				430E71AF21E510D900CFD9BD /* Products */,
			);
			sourceTree = "<group>";
		};
		430E71AF21E510D900CFD9BD /* Products */ = {
			isa = PBXGroup;
			children = (
				430E71AE21E510D900CFD9BD /* Blacktop.app */,
			);
			name = Products;
			sourceTree = "<group>";
		};
		430E71B021E510D900CFD9BD /* Blacktop */ = {
			isa = PBXGroup;
			children = (
				430E71C321E5192400CFD9BD /* Controllers */,
				430E71B121E510D900CFD9BD /* AppDelegate.swift */,
				430E71B521E510D900CFD9BD /* Main.storyboard */,
				430E71B821E510DB00CFD9BD /* Assets.xcassets */,
				430E71BA21E510DB00CFD9BD /* LaunchScreen.storyboard */,
				430E71BD21E510DB00CFD9BD /* Info.plist */,
			);
			path = Blacktop;
			sourceTree = "<group>";
		};
		430E71C321E5192400CFD9BD /* Controllers */ = {
			isa = PBXGroup;
			children = (
				430E71B321E510D900CFD9BD /* LoginViewController.swift */,
				430E71C421E5194000CFD9BD /* SignupViewController.swift */,
				430E71C621E5195A00CFD9BD /* MapViewController.swift */,
				430E71C821E7A7C500CFD9BD /* ProfileViewController.swift */,
				430E71CA21E7A7DE00CFD9BD /* EditProfileViewController.swift */,
			);
			path = Controllers;
			sourceTree = "<group>";
		};
/* End PBXGroup section */

/* Begin PBXNativeTarget section */
		430E71AD21E510D900CFD9BD /* Blacktop */ = {
			isa = PBXNativeTarget;
			buildConfigurationList = 430E71C021E510DB00CFD9BD /* Build configuration list for PBXNativeTarget "Blacktop" */;
			buildPhases = (
				430E71AA21E510D900CFD9BD /* Sources */,
				430E71AB21E510D900CFD9BD /* Frameworks */,
				430E71AC21E510D900CFD9BD /* Resources */,
			);
			buildRules = (
			);
			dependencies = (
			);
			name = Blacktop;
			productName = Blacktop;
			productReference = 430E71AE21E510D900CFD9BD /* Blacktop.app */;
			productType = "com.apple.product-type.application";
		};
/* End PBXNativeTarget section */

/* Begin PBXProject section */
		430E71A621E510D900CFD9BD /* Project object */ = {
			isa = PBXProject;
			attributes = {
				LastSwiftUpdateCheck = 1010;
				LastUpgradeCheck = 1010;
				ORGANIZATIONNAME = "Daniel Stahl";
				TargetAttributes = {
					430E71AD21E510D900CFD9BD = {
						CreatedOnToolsVersion = 10.1;
					};
				};
			};
			buildConfigurationList = 430E71A921E510D900CFD9BD /* Build configuration list for PBXProject "Blacktop" */;
			compatibilityVersion = "Xcode 9.3";
			developmentRegion = en;
			hasScannedForEncodings = 0;
			knownRegions = (
				en,
				Base,
			);
			mainGroup = 430E71A521E510D900CFD9BD;
			productRefGroup = 430E71AF21E510D900CFD9BD /* Products */;
			projectDirPath = "";
			projectRoot = "";
			targets = (
				430E71AD21E510D900CFD9BD /* Blacktop */,
			);
		};
/* End PBXProject section */

/* Begin PBXResourcesBuildPhase section */
		430E71AC21E510D900CFD9BD /* Resources */ = {
			isa = PBXResourcesBuildPhase;
			buildActionMask = 2147483647;
			files = (
				430E71BC21E510DB00CFD9BD /* LaunchScreen.storyboard in Resources */,
				430E71B921E510DB00CFD9BD /* Assets.xcassets in Resources */,
				430E71B721E510D900CFD9BD /* Main.storyboard in Resources */,
			);
			runOnlyForDeploymentPostprocessing = 0;
		};
/* End PBXResourcesBuildPhase section */

/* Begin PBXSourcesBuildPhase section */
		430E71AA21E510D900CFD9BD /* Sources */ = {
			isa = PBXSourcesBuildPhase;
			buildActionMask = 2147483647;
			files = (
				430E71C521E5194000CFD9BD /* SignupViewController.swift in Sources */,
				430E71B421E510D900CFD9BD /* LoginViewController.swift in Sources */,
				430E71CB21E7A7DE00CFD9BD /* EditProfileViewController.swift in Sources */,
				430E71C921E7A7C500CFD9BD /* ProfileViewController.swift in Sources */,
				430E71B221E510D900CFD9BD /* AppDelegate.swift in Sources */,
				430E71C721E5195A00CFD9BD /* MapViewController.swift in Sources */,
			);
			runOnlyForDeploymentPostprocessing = 0;
		};
/* End PBXSourcesBuildPhase section */

/* Begin PBXVariantGroup section */
		430E71B521E510D900CFD9BD /* Main.storyboard */ = {
			isa = PBXVariantGroup;
			children = (
				430E71B621E510D900CFD9BD /* Base */,
			);
			name = Main.storyboard;
			sourceTree = "<group>";
		};
		430E71BA21E510DB00CFD9BD /* LaunchScreen.storyboard */ = {
			isa = PBXVariantGroup;
			children = (
				430E71BB21E510DB00CFD9BD /* Base */,
			);
			name = LaunchScreen.storyboard;
			sourceTree = "<group>";
		};
/* End PBXVariantGroup section */

/* Begin XCBuildConfiguration section */
		430E71BE21E510DB00CFD9BD /* Debug */ = {
			isa = XCBuildConfiguration;
			buildSettings = {
				ALWAYS_SEARCH_USER_PATHS = NO;
				CLANG_ANALYZER_NONNULL = YES;
				CLANG_ANALYZER_NUMBER_OBJECT_CONVERSION = YES_AGGRESSIVE;
				CLANG_CXX_LANGUAGE_STANDARD = "gnu++14";
				CLANG_CXX_LIBRARY = "libc++";
				CLANG_ENABLE_MODULES = YES;
				CLANG_ENABLE_OBJC_ARC = YES;
				CLANG_ENABLE_OBJC_WEAK = YES;
				CLANG_WARN_BLOCK_CAPTURE_AUTORELEASING = YES;
				CLANG_WARN_BOOL_CONVERSION = YES;
				CLANG_WARN_COMMA = YES;
				CLANG_WARN_CONSTANT_CONVERSION = YES;
				CLANG_WARN_DEPRECATED_OBJC_IMPLEMENTATIONS = YES;
				CLANG_WARN_DIRECT_OBJC_ISA_USAGE = YES_ERROR;
				CLANG_WARN_DOCUMENTATION_COMMENTS = YES;
				CLANG_WARN_EMPTY_BODY = YES;
				CLANG_WARN_ENUM_CONVERSION = YES;
				CLANG_WARN_INFINITE_RECURSION = YES;
				CLANG_WARN_INT_CONVERSION = YES;
				CLANG_WARN_NON_LITERAL_NULL_CONVERSION = YES;
				CLANG_WARN_OBJC_IMPLICIT_RETAIN_SELF = YES;
				CLANG_WARN_OBJC_LITERAL_CONVERSION = YES;
				CLANG_WARN_OBJC_ROOT_CLASS = YES_ERROR;
				CLANG_WARN_RANGE_LOOP_ANALYSIS = YES;
				CLANG_WARN_STRICT_PROTOTYPES = YES;
				CLANG_WARN_SUSPICIOUS_MOVE = YES;
				CLANG_WARN_UNGUARDED_AVAILABILITY = YES_AGGRESSIVE;
				CLANG_WARN_UNREACHABLE_CODE = YES;
				CLANG_WARN__DUPLICATE_METHOD_MATCH = YES;
				CODE_SIGN_IDENTITY = "iPhone Developer";
				COPY_PHASE_STRIP = NO;
				DEBUG_INFORMATION_FORMAT = dwarf;
				ENABLE_STRICT_OBJC_MSGSEND = YES;
				ENABLE_TESTABILITY = YES;
				GCC_C_LANGUAGE_STANDARD = gnu11;
				GCC_DYNAMIC_NO_PIC = NO;
				GCC_NO_COMMON_BLOCKS = YES;
				GCC_OPTIMIZATION_LEVEL = 0;
				GCC_PREPROCESSOR_DEFINITIONS = (
					"DEBUG=1",
					"$(inherited)",
				);
				GCC_WARN_64_TO_32_BIT_CONVERSION = YES;
				GCC_WARN_ABOUT_RETURN_TYPE = YES_ERROR;
				GCC_WARN_UNDECLARED_SELECTOR = YES;
				GCC_WARN_UNINITIALIZED_AUTOS = YES_AGGRESSIVE;
				GCC_WARN_UNUSED_FUNCTION = YES;
				GCC_WARN_UNUSED_VARIABLE = YES;
				IPHONEOS_DEPLOYMENT_TARGET = 12.1;
				MTL_ENABLE_DEBUG_INFO = INCLUDE_SOURCE;
				MTL_FAST_MATH = YES;
				ONLY_ACTIVE_ARCH = YES;
				SDKROOT = iphoneos;
				SWIFT_ACTIVE_COMPILATION_CONDITIONS = DEBUG;
				SWIFT_OPTIMIZATION_LEVEL = "-Onone";
			};
			name = Debug;
		};
		430E71BF21E510DB00CFD9BD /* Release */ = {
			isa = XCBuildConfiguration;
			buildSettings = {
				ALWAYS_SEARCH_USER_PATHS = NO;
				CLANG_ANALYZER_NONNULL = YES;
				CLANG_ANALYZER_NUMBER_OBJECT_CONVERSION = YES_AGGRESSIVE;
				CLANG_CXX_LANGUAGE_STANDARD = "gnu++14";
				CLANG_CXX_LIBRARY = "libc++";
				CLANG_ENABLE_MODULES = YES;
				CLANG_ENABLE_OBJC_ARC = YES;
				CLANG_ENABLE_OBJC_WEAK = YES;
				CLANG_WARN_BLOCK_CAPTURE_AUTORELEASING = YES;
				CLANG_WARN_BOOL_CONVERSION = YES;
				CLANG_WARN_COMMA = YES;
				CLANG_WARN_CONSTANT_CONVERSION = YES;
				CLANG_WARN_DEPRECATED_OBJC_IMPLEMENTATIONS = YES;
				CLANG_WARN_DIRECT_OBJC_ISA_USAGE = YES_ERROR;
				CLANG_WARN_DOCUMENTATION_COMMENTS = YES;
				CLANG_WARN_EMPTY_BODY = YES;
				CLANG_WARN_ENUM_CONVERSION = YES;
				CLANG_WARN_INFINITE_RECURSION = YES;
				CLANG_WARN_INT_CONVERSION = YES;
				CLANG_WARN_NON_LITERAL_NULL_CONVERSION = YES;
				CLANG_WARN_OBJC_IMPLICIT_RETAIN_SELF = YES;
				CLANG_WARN_OBJC_LITERAL_CONVERSION = YES;
				CLANG_WARN_OBJC_ROOT_CLASS = YES_ERROR;
				CLANG_WARN_RANGE_LOOP_ANALYSIS = YES;
				CLANG_WARN_STRICT_PROTOTYPES = YES;
				CLANG_WARN_SUSPICIOUS_MOVE = YES;
				CLANG_WARN_UNGUARDED_AVAILABILITY = YES_AGGRESSIVE;
				CLANG_WARN_UNREACHABLE_CODE = YES;
				CLANG_WARN__DUPLICATE_METHOD_MATCH = YES;
				CODE_SIGN_IDENTITY = "iPhone Developer";
				COPY_PHASE_STRIP = NO;
				DEBUG_INFORMATION_FORMAT = "dwarf-with-dsym";
				ENABLE_NS_ASSERTIONS = NO;
				ENABLE_STRICT_OBJC_MSGSEND = YES;
				GCC_C_LANGUAGE_STANDARD = gnu11;
				GCC_NO_COMMON_BLOCKS = YES;
				GCC_WARN_64_TO_32_BIT_CONVERSION = YES;
				GCC_WARN_ABOUT_RETURN_TYPE = YES_ERROR;
				GCC_WARN_UNDECLARED_SELECTOR = YES;
				GCC_WARN_UNINITIALIZED_AUTOS = YES_AGGRESSIVE;
				GCC_WARN_UNUSED_FUNCTION = YES;
				GCC_WARN_UNUSED_VARIABLE = YES;
				IPHONEOS_DEPLOYMENT_TARGET = 12.1;
				MTL_ENABLE_DEBUG_INFO = NO;
				MTL_FAST_MATH = YES;
				SDKROOT = iphoneos;
				SWIFT_COMPILATION_MODE = wholemodule;
				SWIFT_OPTIMIZATION_LEVEL = "-O";
				VALIDATE_PRODUCT = YES;
			};
			name = Release;
		};
		430E71C121E510DB00CFD9BD /* Debug */ = {
			isa = XCBuildConfiguration;
			buildSettings = {
				ASSETCATALOG_COMPILER_APPICON_NAME = AppIcon;
				CODE_SIGN_STYLE = Automatic;
				DEVELOPMENT_TEAM = 7973D875N9;
				INFOPLIST_FILE = Blacktop/Info.plist;
				LD_RUNPATH_SEARCH_PATHS = (
					"$(inherited)",
					"@executable_path/Frameworks",
				);
				PRODUCT_BUNDLE_IDENTIFIER = xyz.danielstahl.Blacktop;
				PRODUCT_NAME = "$(TARGET_NAME)";
				SWIFT_VERSION = 4.2;
				TARGETED_DEVICE_FAMILY = "1,2";
			};
			name = Debug;
		};
		430E71C221E510DB00CFD9BD /* Release */ = {
			isa = XCBuildConfiguration;
			buildSettings = {
				ASSETCATALOG_COMPILER_APPICON_NAME = AppIcon;
				CODE_SIGN_STYLE = Automatic;
				DEVELOPMENT_TEAM = 7973D875N9;
				INFOPLIST_FILE = Blacktop/Info.plist;
				LD_RUNPATH_SEARCH_PATHS = (
					"$(inherited)",
					"@executable_path/Frameworks",
				);
				PRODUCT_BUNDLE_IDENTIFIER = xyz.danielstahl.Blacktop;
				PRODUCT_NAME = "$(TARGET_NAME)";
				SWIFT_VERSION = 4.2;
				TARGETED_DEVICE_FAMILY = "1,2";
			};
			name = Release;
		};
/* End XCBuildConfiguration section */

/* Begin XCConfigurationList section */
		430E71A921E510D900CFD9BD /* Build configuration list for PBXProject "Blacktop" */ = {
			isa = XCConfigurationList;
			buildConfigurations = (
				430E71BE21E510DB00CFD9BD /* Debug */,
				430E71BF21E510DB00CFD9BD /* Release */,
			);
			defaultConfigurationIsVisible = 0;
			defaultConfigurationName = Release;
		};
		430E71C021E510DB00CFD9BD /* Build configuration list for PBXNativeTarget "Blacktop" */ = {
			isa = XCConfigurationList;
			buildConfigurations = (
				430E71C121E510DB00CFD9BD /* Debug */,
				430E71C221E510DB00CFD9BD /* Release */,
			);
			defaultConfigurationIsVisible = 0;
			defaultConfigurationName = Release;
		};
/* End XCConfigurationList section */
	};
	rootObject = 430E71A621E510D900CFD9BD /* Project object */;
}
